# THIS IS AN AUTOGENERATED FILE. DO NOT EDIT THIS FILE DIRECTLY.
# yarn lockfile v1


bootstrap@^3.3.7:
  version "3.3.7"
  resolved "https://registry.yarnpkg.com/bootstrap/-/bootstrap-3.3.7.tgz#5a389394549f23330875a3b150656574f8a9eb71"

desandro-matches-selector@^2.0.0:
  version "2.0.2"
  resolved "https://registry.yarnpkg.com/desandro-matches-selector/-/desandro-matches-selector-2.0.2.tgz#717beed4dc13e7d8f3762f707a6d58a6774218e1"

easy-pie-chart@^2.1.7:
  version "2.1.7"
  resolved "https://registry.yarnpkg.com/easy-pie-chart/-/easy-pie-chart-2.1.7.tgz#35e49fb7daf9a94e52b8294f51626919bcaee7cc"

ekko-lightbox@^5.1.1:
  version "5.1.1"
  resolved "https://registry.yarnpkg.com/ekko-lightbox/-/ekko-lightbox-5.1.1.tgz#63757c5db9c8338016822220b03022f91df04a6c"

ev-emitter@^1.0.0:
  version "1.1.0"
  resolved "https://registry.yarnpkg.com/ev-emitter/-/ev-emitter-1.1.0.tgz#fa32958ce319f4552a404af8ca16f159851fed84"

fizzy-ui-utils@^2.0.0, fizzy-ui-utils@^2.0.4:
  version "2.0.5"
  resolved "https://registry.yarnpkg.com/fizzy-ui-utils/-/fizzy-ui-utils-2.0.5.tgz#d72debc74d2c9d272dbcbb7b001707897f6c3210"
  dependencies:
    desandro-matches-selector "^2.0.0"

get-size@^2.0.0, get-size@^2.0.2:
  version "2.0.2"
  resolved "https://registry.yarnpkg.com/get-size/-/get-size-2.0.2.tgz#555ea98ab8732e0c021e9e23e2219adcbe398e98"

isotope-layout@^3.0.4:
  version "3.0.4"
  resolved "https://registry.yarnpkg.com/isotope-layout/-/isotope-layout-3.0.4.tgz#f3ed8d15f8cfb3850b11777f1ca76e0a8bb5b73a"
  dependencies:
    desandro-matches-selector "^2.0.0"
    fizzy-ui-utils "^2.0.4"
    get-size "^2.0.0"
    masonry-layout "^4.1.0"
    outlayer "^2.1.0"

jquery.easing@^1.4.1:
  version "1.4.1"
  resolved "https://registry.yarnpkg.com/jquery.easing/-/jquery.easing-1.4.1.tgz#47982c5836bd758fd48494923c4a101ef6e93e3b"

jquery@^3.2.1:
  version "3.2.1"
  resolved "https://registry.yarnpkg.com/jquery/-/jquery-3.2.1.tgz#5c4d9de652af6cd0a770154a631bba12b015c787"

masonry-layout@^4.1.0:
  version "4.2.0"
  resolved "https://registry.yarnpkg.com/masonry-layout/-/masonry-layout-4.2.0.tgz#43835c6b6e0d72eff2c31a118c8000cccc4ab965"
  dependencies:
    get-size "^2.0.2"
    outlayer "^2.1.0"

outlayer@^2.1.0:
  version "2.1.1"
  resolved "https://registry.yarnpkg.com/outlayer/-/outlayer-2.1.1.tgz#29863b6de10ea5dadfffcadfa0d728907387e9a2"
  dependencies:
    ev-emitter "^1.0.0"
    fizzy-ui-utils "^2.0.0"
    get-size "^2.0.2"

rails-ujs@^5.1.1:
  version "5.1.1"
  resolved "https://registry.yarnpkg.com/rails-ujs/-/rails-ujs-5.1.1.tgz#0d6e660533141f1ac352830b31c5bfe1b58f79aa"

waypoints@^4.0.1:
  version "4.0.1"
  resolved "https://registry.yarnpkg.com/waypoints/-/waypoints-4.0.1.tgz#09979a0573810b29627cba4366a284a062ec69c8"
